
Microsoft Visual Studio Solution File, Format Version 12.00
# Visual Studio Version 17
VisualStudioVersion = 17.2.32516.85
MinimumVisualStudioVersion = 10.0.40219.1
Project("{FAE04EC0-301F-11D3-BF4B-00C04F79EFBC}") = "EjercicioClase06", "EjercicioClase06\EjercicioClase06.csproj", "{16A5CE4F-4957-4DBE-85F1-8C4A26C3772D}"
EndProject
Global
	GlobalSection(SolutionConfigurationPlatforms) = preSolution
		Debug|Any CPU = Debug|Any CPU
		Release|Any CPU = Release|Any CPU
	EndGlobalSection
	GlobalSection(ProjectConfigurationPlatforms) = postSolution
		{16A5CE4F-4957-4DBE-85F1-8C4A26C3772D}.Debug|Any CPU.ActiveCfg = Debug|Any CPU
		{16A5CE4F-4957-4DBE-85F1-8C4A26C3772D}.Debug|Any CPU.Build.0 = Debug|Any CPU
		{16A5CE4F-4957-4DBE-85F1-8C4A26C3772D}.Release|Any CPU.ActiveCfg = Release|Any CPU
		{16A5CE4F-4957-4DBE-85F1-8C4A26C3772D}.Release|Any CPU.Build.0 = Release|Any CPU
	EndGlobalSection
	GlobalSection(SolutionProperties) = preSolution
		HideSolutionNode = FALSE
	EndGlobalSection
	GlobalSection(ExtensibilityGlobals) = postSolution
		SolutionGuid = {BEAE07AB-BBB5-4AA9-A36C-D07410312BE7}
	EndGlobalSection
EndGlobal
