
Microsoft Visual Studio Solution File, Format Version 12.00
# Visual Studio Version 17
VisualStudioVersion = 17.2.32516.85
MinimumVisualStudioVersion = 10.0.40219.1
Project("{FAE04EC0-301F-11D3-BF4B-00C04F79EFBC}") = "EjercicioClase05", "EjercicioClase05\EjercicioClase05.csproj", "{D6651914-03F1-4F87-A7C1-1A3B04B5CF98}"
EndProject
Global
	GlobalSection(SolutionConfigurationPlatforms) = preSolution
		Debug|Any CPU = Debug|Any CPU
		Release|Any CPU = Release|Any CPU
	EndGlobalSection
	GlobalSection(ProjectConfigurationPlatforms) = postSolution
		{D6651914-03F1-4F87-A7C1-1A3B04B5CF98}.Debug|Any CPU.ActiveCfg = Debug|Any CPU
		{D6651914-03F1-4F87-A7C1-1A3B04B5CF98}.Debug|Any CPU.Build.0 = Debug|Any CPU
		{D6651914-03F1-4F87-A7C1-1A3B04B5CF98}.Release|Any CPU.ActiveCfg = Release|Any CPU
		{D6651914-03F1-4F87-A7C1-1A3B04B5CF98}.Release|Any CPU.Build.0 = Release|Any CPU
	EndGlobalSection
	GlobalSection(SolutionProperties) = preSolution
		HideSolutionNode = FALSE
	EndGlobalSection
	GlobalSection(ExtensibilityGlobals) = postSolution
		SolutionGuid = {736345F6-95E0-485E-AFA2-70D329A238BC}
	EndGlobalSection
EndGlobal
