
Microsoft Visual Studio Solution File, Format Version 12.00
# Visual Studio Version 17
VisualStudioVersion = 17.2.32516.85
MinimumVisualStudioVersion = 10.0.40219.1
Project("{FAE04EC0-301F-11D3-BF4B-00C04F79EFBC}") = "Ejercicio07", "Ejercicio07\Ejercicio07.csproj", "{44746D9D-01CF-45F6-B951-A5ADBF4C1C93}"
EndProject
Global
	GlobalSection(SolutionConfigurationPlatforms) = preSolution
		Debug|Any CPU = Debug|Any CPU
		Release|Any CPU = Release|Any CPU
	EndGlobalSection
	GlobalSection(ProjectConfigurationPlatforms) = postSolution
		{44746D9D-01CF-45F6-B951-A5ADBF4C1C93}.Debug|Any CPU.ActiveCfg = Debug|Any CPU
		{44746D9D-01CF-45F6-B951-A5ADBF4C1C93}.Debug|Any CPU.Build.0 = Debug|Any CPU
		{44746D9D-01CF-45F6-B951-A5ADBF4C1C93}.Release|Any CPU.ActiveCfg = Release|Any CPU
		{44746D9D-01CF-45F6-B951-A5ADBF4C1C93}.Release|Any CPU.Build.0 = Release|Any CPU
	EndGlobalSection
	GlobalSection(SolutionProperties) = preSolution
		HideSolutionNode = FALSE
	EndGlobalSection
	GlobalSection(ExtensibilityGlobals) = postSolution
		SolutionGuid = {51D0F030-9215-4F27-A75D-ED76C6C34591}
	EndGlobalSection
EndGlobal
